
Microsoft Visual Studio Solution File, Format Version 12.00
# Visual Studio Version 17
VisualStudioVersion = 17.5.33530.505
MinimumVisualStudioVersion = 10.0.40219.1
Project("{FAE04EC0-301F-11D3-BF4B-00C04F79EFBC}") = "How many days until", "How many days until\How many days until.csproj", "{02E3BECB-57CE-40BE-B2D6-D27858F3510A}"
EndProject
Global
	GlobalSection(SolutionConfigurationPlatforms) = preSolution
		Debug|Any CPU = Debug|Any CPU
		Release|Any CPU = Release|Any CPU
	EndGlobalSection
	GlobalSection(ProjectConfigurationPlatforms) = postSolution
		{02E3BECB-57CE-40BE-B2D6-D27858F3510A}.Debug|Any CPU.ActiveCfg = Debug|Any CPU
		{02E3BECB-57CE-40BE-B2D6-D27858F3510A}.Debug|Any CPU.Build.0 = Debug|Any CPU
		{02E3BECB-57CE-40BE-B2D6-D27858F3510A}.Release|Any CPU.ActiveCfg = Release|Any CPU
		{02E3BECB-57CE-40BE-B2D6-D27858F3510A}.Release|Any CPU.Build.0 = Release|Any CPU
	EndGlobalSection
	GlobalSection(SolutionProperties) = preSolution
		HideSolutionNode = FALSE
	EndGlobalSection
	GlobalSection(ExtensibilityGlobals) = postSolution
		SolutionGuid = {999C99BE-0A9E-476D-932E-43C9D15EC228}
	EndGlobalSection
EndGlobal
